{
  "name": "phonegap-template-hello-world",
  "version": "4.0.4",
  "lockfileVersion": 1,
  "requires": true,
  "dependencies": {
    "pushbots-cordova-plugin": {
      "version": "1.5.14",
      "resolved": "https://registry.npmjs.org/pushbots-cordova-plugin/-/pushbots-cordova-plugin-1.5.14.tgz",
      "integrity": "sha1-Av1NvGpnXEcr+s150XFl6rOBprg="
    }
  }
}
