{
  "name": "phonegap-template-hello-world",
  "version": "4.0.4",
  "lockfileVersion": 1,
  "requires": true,
  "dependencies": {
    "onesignal-cordova-plugin": {
      "version": "2.4.1",
      "resolved": "https://registry.npmjs.org/onesignal-cordova-plugin/-/onesignal-cordova-plugin-2.4.1.tgz",
      "integrity": "sha512-P4Jiypo5d549LrRWsZE1g5z7cmQMseG6yIayQem+hLRUXlWx7qqOdxTa1oUh5nFxlYon8u6jI5wIybRWxL5YfQ=="
    }
  }
}
